
Microsoft Visual Studio Solution File, Format Version 12.00
# Visual Studio 15
VisualStudioVersion = 15.0.28307.168
MinimumVisualStudioVersion = 10.0.40219.1
Project("{FAE04EC0-301F-11D3-BF4B-00C04F79EFBC}") = "CRMInicio", "CRMInicio\CRMInicio.csproj", "{55855BF4-EA60-4EC3-82FD-DD103F025BBE}"
EndProject
Global
	GlobalSection(SolutionConfigurationPlatforms) = preSolution
		Debug|Any CPU = Debug|Any CPU
		Release|Any CPU = Release|Any CPU
	EndGlobalSection
	GlobalSection(ProjectConfigurationPlatforms) = postSolution
		{55855BF4-EA60-4EC3-82FD-DD103F025BBE}.Debug|Any CPU.ActiveCfg = Debug|Any CPU
		{55855BF4-EA60-4EC3-82FD-DD103F025BBE}.Debug|Any CPU.Build.0 = Debug|Any CPU
		{55855BF4-EA60-4EC3-82FD-DD103F025BBE}.Release|Any CPU.ActiveCfg = Release|Any CPU
		{55855BF4-EA60-4EC3-82FD-DD103F025BBE}.Release|Any CPU.Build.0 = Release|Any CPU
	EndGlobalSection
	GlobalSection(SolutionProperties) = preSolution
		HideSolutionNode = FALSE
	EndGlobalSection
	GlobalSection(ExtensibilityGlobals) = postSolution
		SolutionGuid = {92FCC1D0-7300-4D1F-ABFC-295132153A98}
	EndGlobalSection
EndGlobal
